{
  "name": "nodejdk",
  "lockfileVersion": 3,
  "requires": true,
  "packages": {
    "": {
      "dependencies": {
        "@spcookie/erii-runtime-linux-x64": "^1.0.0"
      }
    },
    "node_modules/@spcookie/erii-runtime-linux-x64": {
      "version": "1.0.0",
      "resolved": "https://registry.npmjs.org/@spcookie/erii-runtime-linux-x64/-/erii-runtime-linux-x64-1.0.0.tgz",
      "integrity": "sha512-TPCt2kaFo8KjcF2XWcXi/5A8/LtikwhxwNxQ3XiYyIuS0jDcO8ZFCNUcCQj4yk8JcT2vl3y+iVFLqec87ua7lg==",
      "cpu": [
        "x64"
      ],
      "hasInstallScript": true,
      "license": "MIT",
      "os": [
        "linux"
      ]
    }
  }
}
