{
  "name": "javac",
  "lockfileVersion": 3,
  "requires": true,
  "packages": {
    "": {
      "dependencies": {
        "dataslope-tools-jar": "^1.0.0"
      }
    },
    "node_modules/dataslope-tools-jar": {
      "version": "1.0.0",
      "resolved": "https://registry.npmjs.org/dataslope-tools-jar/-/dataslope-tools-jar-1.0.0.tgz",
      "integrity": "sha512-bc4zx4XnuTsAiIu0/O2kRe9YHgMQLwoeTVCVPoQGCWQOnaoALG+TDsmrg1a5mVU2W4D1o4oUxywa6bvj3POq4w==",
      "license": "GPL-2.0-with-classpath-exception"
    }
  }
}
