{
  "name": "eriideps",
  "lockfileVersion": 3,
  "requires": true,
  "packages": {
    "": {
      "dependencies": {
        "@spcookie/erii-deps": "^1.3.3"
      }
    },
    "node_modules/@spcookie/erii-deps": {
      "version": "1.3.3",
      "resolved": "https://registry.npmjs.org/@spcookie/erii-deps/-/erii-deps-1.3.3.tgz",
      "integrity": "sha512-G7CuUzLIAjWn2L6UCJXG6UwKUDRO6ks2IJ1jIrNJeWJHZ/oC1fJ6AQ2h1W3kZeVgZO9ePvjTw8Vybupd8Abxkg==",
      "hasInstallScript": true,
      "license": "MIT"
    }
  }
}
