{
  "name": "tools",
  "lockfileVersion": 3,
  "requires": true,
  "packages": {
    "": {
      "dependencies": {
        "@run-slicer/cfr": "^0.1.6-0.152"
      }
    },
    "node_modules/@run-slicer/cfr": {
      "version": "0.1.6-0.152",
      "resolved": "https://registry.npmjs.org/@run-slicer/cfr/-/cfr-0.1.6-0.152.tgz",
      "integrity": "sha512-aZa6UsxGCw0xIxB2Phz74V69kuXvrBJgUZLqcQSLDY2reRQihciGmirT7X4QWR/UUz8Swd6zpOSPGToJnAHw1w==",
      "license": "MIT"
    }
  }
}
